
Microsoft Visual Studio Solution File, Format Version 12.00
# Visual Studio 15
VisualStudioVersion = 15.0.26124.0
MinimumVisualStudioVersion = 15.0.26124.0
Project("{FAE04EC0-301F-11D3-BF4B-00C04F79EFBC}") = "MessagesLIB", "MessagesLIB\MessagesLIB.csproj", "{4CC33CAE-308D-4EB4-9379-91C9A763DD16}"
EndProject
Project("{FAE04EC0-301F-11D3-BF4B-00C04F79EFBC}") = "MessagesLIB.Tests", "MessagesLIB.Tests\MessagesLIB.Tests.csproj", "{E484430D-F30F-4C68-981D-FB300A6B99E0}"
EndProject
Project("{FAE04EC0-301F-11D3-BF4B-00C04F79EFBC}") = "Receive", "Receive\Receive.csproj", "{DB8BFF93-C102-4835-99FD-B62288B23B88}"
EndProject
Project("{FAE04EC0-301F-11D3-BF4B-00C04F79EFBC}") = "Send", "Send\Send.csproj", "{6CFED969-84D1-46FB-8C19-C8FE2CCC0227}"
EndProject
Global
	GlobalSection(SolutionConfigurationPlatforms) = preSolution
		Debug|Any CPU = Debug|Any CPU
		Debug|x64 = Debug|x64
		Debug|x86 = Debug|x86
		Release|Any CPU = Release|Any CPU
		Release|x64 = Release|x64
		Release|x86 = Release|x86
	EndGlobalSection
	GlobalSection(SolutionProperties) = preSolution
		HideSolutionNode = FALSE
	EndGlobalSection
	GlobalSection(ProjectConfigurationPlatforms) = postSolution
		{4CC33CAE-308D-4EB4-9379-91C9A763DD16}.Debug|Any CPU.ActiveCfg = Debug|Any CPU
		{4CC33CAE-308D-4EB4-9379-91C9A763DD16}.Debug|Any CPU.Build.0 = Debug|Any CPU
		{4CC33CAE-308D-4EB4-9379-91C9A763DD16}.Debug|x64.ActiveCfg = Debug|x64
		{4CC33CAE-308D-4EB4-9379-91C9A763DD16}.Debug|x64.Build.0 = Debug|x64
		{4CC33CAE-308D-4EB4-9379-91C9A763DD16}.Debug|x86.ActiveCfg = Debug|x86
		{4CC33CAE-308D-4EB4-9379-91C9A763DD16}.Debug|x86.Build.0 = Debug|x86
		{4CC33CAE-308D-4EB4-9379-91C9A763DD16}.Release|Any CPU.ActiveCfg = Release|Any CPU
		{4CC33CAE-308D-4EB4-9379-91C9A763DD16}.Release|Any CPU.Build.0 = Release|Any CPU
		{4CC33CAE-308D-4EB4-9379-91C9A763DD16}.Release|x64.ActiveCfg = Release|x64
		{4CC33CAE-308D-4EB4-9379-91C9A763DD16}.Release|x64.Build.0 = Release|x64
		{4CC33CAE-308D-4EB4-9379-91C9A763DD16}.Release|x86.ActiveCfg = Release|x86
		{4CC33CAE-308D-4EB4-9379-91C9A763DD16}.Release|x86.Build.0 = Release|x86
		{51D5C369-53D3-4BCA-93C2-102E497FF948}.Debug|Any CPU.ActiveCfg = Debug|Any CPU
		{51D5C369-53D3-4BCA-93C2-102E497FF948}.Debug|Any CPU.Build.0 = Debug|Any CPU
		{51D5C369-53D3-4BCA-93C2-102E497FF948}.Debug|x64.ActiveCfg = Debug|x64
		{51D5C369-53D3-4BCA-93C2-102E497FF948}.Debug|x64.Build.0 = Debug|x64
		{51D5C369-53D3-4BCA-93C2-102E497FF948}.Debug|x86.ActiveCfg = Debug|x86
		{51D5C369-53D3-4BCA-93C2-102E497FF948}.Debug|x86.Build.0 = Debug|x86
		{51D5C369-53D3-4BCA-93C2-102E497FF948}.Release|Any CPU.ActiveCfg = Release|Any CPU
		{51D5C369-53D3-4BCA-93C2-102E497FF948}.Release|Any CPU.Build.0 = Release|Any CPU
		{51D5C369-53D3-4BCA-93C2-102E497FF948}.Release|x64.ActiveCfg = Release|x64
		{51D5C369-53D3-4BCA-93C2-102E497FF948}.Release|x64.Build.0 = Release|x64
		{51D5C369-53D3-4BCA-93C2-102E497FF948}.Release|x86.ActiveCfg = Release|x86
		{51D5C369-53D3-4BCA-93C2-102E497FF948}.Release|x86.Build.0 = Release|x86
		{087760EA-CA73-4FFA-9C22-2E8B5E02DD4C}.Debug|Any CPU.ActiveCfg = Debug|Any CPU
		{087760EA-CA73-4FFA-9C22-2E8B5E02DD4C}.Debug|Any CPU.Build.0 = Debug|Any CPU
		{087760EA-CA73-4FFA-9C22-2E8B5E02DD4C}.Debug|x64.ActiveCfg = Debug|x64
		{087760EA-CA73-4FFA-9C22-2E8B5E02DD4C}.Debug|x64.Build.0 = Debug|x64
		{087760EA-CA73-4FFA-9C22-2E8B5E02DD4C}.Debug|x86.ActiveCfg = Debug|x86
		{087760EA-CA73-4FFA-9C22-2E8B5E02DD4C}.Debug|x86.Build.0 = Debug|x86
		{087760EA-CA73-4FFA-9C22-2E8B5E02DD4C}.Release|Any CPU.ActiveCfg = Release|Any CPU
		{087760EA-CA73-4FFA-9C22-2E8B5E02DD4C}.Release|Any CPU.Build.0 = Release|Any CPU
		{087760EA-CA73-4FFA-9C22-2E8B5E02DD4C}.Release|x64.ActiveCfg = Release|x64
		{087760EA-CA73-4FFA-9C22-2E8B5E02DD4C}.Release|x64.Build.0 = Release|x64
		{087760EA-CA73-4FFA-9C22-2E8B5E02DD4C}.Release|x86.ActiveCfg = Release|x86
		{087760EA-CA73-4FFA-9C22-2E8B5E02DD4C}.Release|x86.Build.0 = Release|x86
		{E484430D-F30F-4C68-981D-FB300A6B99E0}.Debug|Any CPU.ActiveCfg = Debug|Any CPU
		{E484430D-F30F-4C68-981D-FB300A6B99E0}.Debug|Any CPU.Build.0 = Debug|Any CPU
		{E484430D-F30F-4C68-981D-FB300A6B99E0}.Debug|x64.ActiveCfg = Debug|x64
		{E484430D-F30F-4C68-981D-FB300A6B99E0}.Debug|x64.Build.0 = Debug|x64
		{E484430D-F30F-4C68-981D-FB300A6B99E0}.Debug|x86.ActiveCfg = Debug|x86
		{E484430D-F30F-4C68-981D-FB300A6B99E0}.Debug|x86.Build.0 = Debug|x86
		{E484430D-F30F-4C68-981D-FB300A6B99E0}.Release|Any CPU.ActiveCfg = Release|Any CPU
		{E484430D-F30F-4C68-981D-FB300A6B99E0}.Release|Any CPU.Build.0 = Release|Any CPU
		{E484430D-F30F-4C68-981D-FB300A6B99E0}.Release|x64.ActiveCfg = Release|x64
		{E484430D-F30F-4C68-981D-FB300A6B99E0}.Release|x64.Build.0 = Release|x64
		{E484430D-F30F-4C68-981D-FB300A6B99E0}.Release|x86.ActiveCfg = Release|x86
		{E484430D-F30F-4C68-981D-FB300A6B99E0}.Release|x86.Build.0 = Release|x86
		{A39DBA8F-FB15-4B5E-9C62-B96558F2A420}.Debug|Any CPU.ActiveCfg = Debug|Any CPU
		{A39DBA8F-FB15-4B5E-9C62-B96558F2A420}.Debug|Any CPU.Build.0 = Debug|Any CPU
		{A39DBA8F-FB15-4B5E-9C62-B96558F2A420}.Debug|x64.ActiveCfg = Debug|x64
		{A39DBA8F-FB15-4B5E-9C62-B96558F2A420}.Debug|x64.Build.0 = Debug|x64
		{A39DBA8F-FB15-4B5E-9C62-B96558F2A420}.Debug|x86.ActiveCfg = Debug|x86
		{A39DBA8F-FB15-4B5E-9C62-B96558F2A420}.Debug|x86.Build.0 = Debug|x86
		{A39DBA8F-FB15-4B5E-9C62-B96558F2A420}.Release|Any CPU.ActiveCfg = Release|Any CPU
		{A39DBA8F-FB15-4B5E-9C62-B96558F2A420}.Release|Any CPU.Build.0 = Release|Any CPU
		{A39DBA8F-FB15-4B5E-9C62-B96558F2A420}.Release|x64.ActiveCfg = Release|x64
		{A39DBA8F-FB15-4B5E-9C62-B96558F2A420}.Release|x64.Build.0 = Release|x64
		{A39DBA8F-FB15-4B5E-9C62-B96558F2A420}.Release|x86.ActiveCfg = Release|x86
		{A39DBA8F-FB15-4B5E-9C62-B96558F2A420}.Release|x86.Build.0 = Release|x86
		{3794E579-91F7-4465-B4AF-BAAC43D31880}.Debug|Any CPU.ActiveCfg = Debug|Any CPU
		{3794E579-91F7-4465-B4AF-BAAC43D31880}.Debug|Any CPU.Build.0 = Debug|Any CPU
		{3794E579-91F7-4465-B4AF-BAAC43D31880}.Debug|x64.ActiveCfg = Debug|x64
		{3794E579-91F7-4465-B4AF-BAAC43D31880}.Debug|x64.Build.0 = Debug|x64
		{3794E579-91F7-4465-B4AF-BAAC43D31880}.Debug|x86.ActiveCfg = Debug|x86
		{3794E579-91F7-4465-B4AF-BAAC43D31880}.Debug|x86.Build.0 = Debug|x86
		{3794E579-91F7-4465-B4AF-BAAC43D31880}.Release|Any CPU.ActiveCfg = Release|Any CPU
		{3794E579-91F7-4465-B4AF-BAAC43D31880}.Release|Any CPU.Build.0 = Release|Any CPU
		{3794E579-91F7-4465-B4AF-BAAC43D31880}.Release|x64.ActiveCfg = Release|x64
		{3794E579-91F7-4465-B4AF-BAAC43D31880}.Release|x64.Build.0 = Release|x64
		{3794E579-91F7-4465-B4AF-BAAC43D31880}.Release|x86.ActiveCfg = Release|x86
		{3794E579-91F7-4465-B4AF-BAAC43D31880}.Release|x86.Build.0 = Release|x86
		{DB8BFF93-C102-4835-99FD-B62288B23B88}.Debug|Any CPU.ActiveCfg = Debug|Any CPU
		{DB8BFF93-C102-4835-99FD-B62288B23B88}.Debug|Any CPU.Build.0 = Debug|Any CPU
		{DB8BFF93-C102-4835-99FD-B62288B23B88}.Debug|x64.ActiveCfg = Debug|x64
		{DB8BFF93-C102-4835-99FD-B62288B23B88}.Debug|x64.Build.0 = Debug|x64
		{DB8BFF93-C102-4835-99FD-B62288B23B88}.Debug|x86.ActiveCfg = Debug|x86
		{DB8BFF93-C102-4835-99FD-B62288B23B88}.Debug|x86.Build.0 = Debug|x86
		{DB8BFF93-C102-4835-99FD-B62288B23B88}.Release|Any CPU.ActiveCfg = Release|Any CPU
		{DB8BFF93-C102-4835-99FD-B62288B23B88}.Release|Any CPU.Build.0 = Release|Any CPU
		{DB8BFF93-C102-4835-99FD-B62288B23B88}.Release|x64.ActiveCfg = Release|x64
		{DB8BFF93-C102-4835-99FD-B62288B23B88}.Release|x64.Build.0 = Release|x64
		{DB8BFF93-C102-4835-99FD-B62288B23B88}.Release|x86.ActiveCfg = Release|x86
		{DB8BFF93-C102-4835-99FD-B62288B23B88}.Release|x86.Build.0 = Release|x86
		{6CFED969-84D1-46FB-8C19-C8FE2CCC0227}.Debug|Any CPU.ActiveCfg = Debug|Any CPU
		{6CFED969-84D1-46FB-8C19-C8FE2CCC0227}.Debug|Any CPU.Build.0 = Debug|Any CPU
		{6CFED969-84D1-46FB-8C19-C8FE2CCC0227}.Debug|x64.ActiveCfg = Debug|x64
		{6CFED969-84D1-46FB-8C19-C8FE2CCC0227}.Debug|x64.Build.0 = Debug|x64
		{6CFED969-84D1-46FB-8C19-C8FE2CCC0227}.Debug|x86.ActiveCfg = Debug|x86
		{6CFED969-84D1-46FB-8C19-C8FE2CCC0227}.Debug|x86.Build.0 = Debug|x86
		{6CFED969-84D1-46FB-8C19-C8FE2CCC0227}.Release|Any CPU.ActiveCfg = Release|Any CPU
		{6CFED969-84D1-46FB-8C19-C8FE2CCC0227}.Release|Any CPU.Build.0 = Release|Any CPU
		{6CFED969-84D1-46FB-8C19-C8FE2CCC0227}.Release|x64.ActiveCfg = Release|x64
		{6CFED969-84D1-46FB-8C19-C8FE2CCC0227}.Release|x64.Build.0 = Release|x64
		{6CFED969-84D1-46FB-8C19-C8FE2CCC0227}.Release|x86.ActiveCfg = Release|x86
		{6CFED969-84D1-46FB-8C19-C8FE2CCC0227}.Release|x86.Build.0 = Release|x86
	EndGlobalSection
	GlobalSection(NestedProjects) = preSolution
		{51D5C369-53D3-4BCA-93C2-102E497FF948} = {51DF9B1C-3C55-4B8A-B86F-5A27FDB849C9}
		{087760EA-CA73-4FFA-9C22-2E8B5E02DD4C} = {98799004-BAFE-4C4E-8A1D-13E65D959D35}
	EndGlobalSection
EndGlobal
